
Microsoft Visual Studio Solution File, Format Version 12.00
# TcXaeShell Solution File, Format Version 11.00
VisualStudioVersion = 15.0.28307.1300
MinimumVisualStudioVersion = 10.0.40219.1
Project("{B1E792BE-AA5F-4E3C-8C82-674BF9C0715B}") = "tb_step_motor", "tb_step_motor\tb_step_motor.tsproj", "{E14C2C78-0AFA-4395-9029-C4A4196E0E71}"
EndProject
Global
	GlobalSection(SolutionConfigurationPlatforms) = preSolution
		Debug|TwinCAT CE7 (ARMV7) = Debug|TwinCAT CE7 (ARMV7)
		Debug|TwinCAT OS (ARMT2) = Debug|TwinCAT OS (ARMT2)
		Debug|TwinCAT RT (x64) = Debug|TwinCAT RT (x64)
		Debug|TwinCAT RT (x86) = Debug|TwinCAT RT (x86)
		Release|TwinCAT CE7 (ARMV7) = Release|TwinCAT CE7 (ARMV7)
		Release|TwinCAT OS (ARMT2) = Release|TwinCAT OS (ARMT2)
		Release|TwinCAT RT (x64) = Release|TwinCAT RT (x64)
		Release|TwinCAT RT (x86) = Release|TwinCAT RT (x86)
	EndGlobalSection
	GlobalSection(ProjectConfigurationPlatforms) = postSolution
		{E14C2C78-0AFA-4395-9029-C4A4196E0E71}.Debug|TwinCAT CE7 (ARMV7).ActiveCfg = Debug|TwinCAT CE7 (ARMV7)
		{E14C2C78-0AFA-4395-9029-C4A4196E0E71}.Debug|TwinCAT CE7 (ARMV7).Build.0 = Debug|TwinCAT CE7 (ARMV7)
		{E14C2C78-0AFA-4395-9029-C4A4196E0E71}.Debug|TwinCAT OS (ARMT2).ActiveCfg = Debug|TwinCAT OS (ARMT2)
		{E14C2C78-0AFA-4395-9029-C4A4196E0E71}.Debug|TwinCAT OS (ARMT2).Build.0 = Debug|TwinCAT OS (ARMT2)
		{E14C2C78-0AFA-4395-9029-C4A4196E0E71}.Debug|TwinCAT RT (x64).ActiveCfg = Debug|TwinCAT RT (x64)
		{E14C2C78-0AFA-4395-9029-C4A4196E0E71}.Debug|TwinCAT RT (x64).Build.0 = Debug|TwinCAT RT (x64)
		{E14C2C78-0AFA-4395-9029-C4A4196E0E71}.Debug|TwinCAT RT (x86).ActiveCfg = Debug|TwinCAT RT (x86)
		{E14C2C78-0AFA-4395-9029-C4A4196E0E71}.Debug|TwinCAT RT (x86).Build.0 = Debug|TwinCAT RT (x86)
		{E14C2C78-0AFA-4395-9029-C4A4196E0E71}.Release|TwinCAT CE7 (ARMV7).ActiveCfg = Release|TwinCAT CE7 (ARMV7)
		{E14C2C78-0AFA-4395-9029-C4A4196E0E71}.Release|TwinCAT CE7 (ARMV7).Build.0 = Release|TwinCAT CE7 (ARMV7)
		{E14C2C78-0AFA-4395-9029-C4A4196E0E71}.Release|TwinCAT OS (ARMT2).ActiveCfg = Release|TwinCAT OS (ARMT2)
		{E14C2C78-0AFA-4395-9029-C4A4196E0E71}.Release|TwinCAT OS (ARMT2).Build.0 = Release|TwinCAT OS (ARMT2)
		{E14C2C78-0AFA-4395-9029-C4A4196E0E71}.Release|TwinCAT RT (x64).ActiveCfg = Release|TwinCAT RT (x64)
		{E14C2C78-0AFA-4395-9029-C4A4196E0E71}.Release|TwinCAT RT (x64).Build.0 = Release|TwinCAT RT (x64)
		{E14C2C78-0AFA-4395-9029-C4A4196E0E71}.Release|TwinCAT RT (x86).ActiveCfg = Release|TwinCAT RT (x86)
		{E14C2C78-0AFA-4395-9029-C4A4196E0E71}.Release|TwinCAT RT (x86).Build.0 = Release|TwinCAT RT (x86)
		{B8B76050-1880-4970-ABA1-85E0185D11F0}.Debug|TwinCAT CE7 (ARMV7).ActiveCfg = Debug|TwinCAT CE7 (ARMV7)
		{B8B76050-1880-4970-ABA1-85E0185D11F0}.Debug|TwinCAT CE7 (ARMV7).Build.0 = Debug|TwinCAT CE7 (ARMV7)
		{B8B76050-1880-4970-ABA1-85E0185D11F0}.Debug|TwinCAT OS (ARMT2).ActiveCfg = Debug|TwinCAT OS (ARMT2)
		{B8B76050-1880-4970-ABA1-85E0185D11F0}.Debug|TwinCAT OS (ARMT2).Build.0 = Debug|TwinCAT OS (ARMT2)
		{B8B76050-1880-4970-ABA1-85E0185D11F0}.Debug|TwinCAT RT (x64).ActiveCfg = Debug|TwinCAT RT (x64)
		{B8B76050-1880-4970-ABA1-85E0185D11F0}.Debug|TwinCAT RT (x64).Build.0 = Debug|TwinCAT RT (x64)
		{B8B76050-1880-4970-ABA1-85E0185D11F0}.Debug|TwinCAT RT (x86).ActiveCfg = Debug|TwinCAT RT (x86)
		{B8B76050-1880-4970-ABA1-85E0185D11F0}.Debug|TwinCAT RT (x86).Build.0 = Debug|TwinCAT RT (x86)
		{B8B76050-1880-4970-ABA1-85E0185D11F0}.Release|TwinCAT CE7 (ARMV7).ActiveCfg = Release|TwinCAT CE7 (ARMV7)
		{B8B76050-1880-4970-ABA1-85E0185D11F0}.Release|TwinCAT CE7 (ARMV7).Build.0 = Release|TwinCAT CE7 (ARMV7)
		{B8B76050-1880-4970-ABA1-85E0185D11F0}.Release|TwinCAT OS (ARMT2).ActiveCfg = Release|TwinCAT OS (ARMT2)
		{B8B76050-1880-4970-ABA1-85E0185D11F0}.Release|TwinCAT OS (ARMT2).Build.0 = Release|TwinCAT OS (ARMT2)
		{B8B76050-1880-4970-ABA1-85E0185D11F0}.Release|TwinCAT RT (x64).ActiveCfg = Release|TwinCAT RT (x64)
		{B8B76050-1880-4970-ABA1-85E0185D11F0}.Release|TwinCAT RT (x64).Build.0 = Release|TwinCAT RT (x64)
		{B8B76050-1880-4970-ABA1-85E0185D11F0}.Release|TwinCAT RT (x86).ActiveCfg = Release|TwinCAT RT (x86)
		{B8B76050-1880-4970-ABA1-85E0185D11F0}.Release|TwinCAT RT (x86).Build.0 = Release|TwinCAT RT (x86)
	EndGlobalSection
	GlobalSection(SolutionProperties) = preSolution
		HideSolutionNode = FALSE
	EndGlobalSection
	GlobalSection(ExtensibilityGlobals) = postSolution
		SolutionGuid = {B3073358-845D-4A94-9A9A-9FBD9140A6A6}
	EndGlobalSection
EndGlobal
